
Microsoft Visual Studio Solution File, Format Version 12.00
# Visual Studio Version 17
VisualStudioVersion = 17.2.32616.157
MinimumVisualStudioVersion = 10.0.40219.1
Project("{FAE04EC0-301F-11D3-BF4B-00C04F79EFBC}") = "Zapravka", "Zapravka\Zapravka.csproj", "{DFC6EA19-7BA9-4BF9-8A83-244B956D055C}"
EndProject
Global
	GlobalSection(SolutionConfigurationPlatforms) = preSolution
		Debug|Any CPU = Debug|Any CPU
		Release|Any CPU = Release|Any CPU
	EndGlobalSection
	GlobalSection(ProjectConfigurationPlatforms) = postSolution
		{DFC6EA19-7BA9-4BF9-8A83-244B956D055C}.Debug|Any CPU.ActiveCfg = Debug|Any CPU
		{DFC6EA19-7BA9-4BF9-8A83-244B956D055C}.Debug|Any CPU.Build.0 = Debug|Any CPU
		{DFC6EA19-7BA9-4BF9-8A83-244B956D055C}.Release|Any CPU.ActiveCfg = Release|Any CPU
		{DFC6EA19-7BA9-4BF9-8A83-244B956D055C}.Release|Any CPU.Build.0 = Release|Any CPU
	EndGlobalSection
	GlobalSection(SolutionProperties) = preSolution
		HideSolutionNode = FALSE
	EndGlobalSection
	GlobalSection(ExtensibilityGlobals) = postSolution
		SolutionGuid = {7BE9D71D-63E2-43F2-B827-A5BF9060D921}
	EndGlobalSection
EndGlobal
